// !$*UTF8*$!
{
	archiveVersion = 1;
	classes = {
	};
	objectVersion = 51;
	objects = {

/* Begin PBXBuildFile section */
		08203F9226D6E68E003C630A /* ExploreSection.swift in Sources */ = {isa = PBXBuildFile; fileRef = 08203F9126D6E68E003C630A /* ExploreSection.swift */; };
		08203F9426D6E6D1003C630A /* ExploreCell.swift in Sources */ = {isa = PBXBuildFile; fileRef = 08203F9326D6E6D1003C630A /* ExploreCell.swift */; };
		08203F9626D6E6FF003C630A /* ExploreSectionType.swift in Sources */ = {isa = PBXBuildFile; fileRef = 08203F9526D6E6FF003C630A /* ExploreSectionType.swift */; };
		08203F9826D6EB6D003C630A /* ExploreBannerViewModel.swift in Sources */ = {isa = PBXBuildFile; fileRef = 08203F9726D6EB6D003C630A /* ExploreBannerViewModel.swift */; };
		08203F9A26D6EB98003C630A /* ExplorePostViewModel.swift in Sources */ = {isa = PBXBuildFile; fileRef = 08203F9926D6EB98003C630A /* ExplorePostViewModel.swift */; };
		08203F9C26D6EBB9003C630A /* ExploreHashtagViewModel.swift in Sources */ = {isa = PBXBuildFile; fileRef = 08203F9B26D6EBB9003C630A /* ExploreHashtagViewModel.swift */; };
		08203F9E26D6EBD9003C630A /* ExploreUserViewModel.swift in Sources */ = {isa = PBXBuildFile; fileRef = 08203F9D26D6EBD9003C630A /* ExploreUserViewModel.swift */; };
		08203FA226D83CAE003C630A /* explore.json in Resources */ = {isa = PBXBuildFile; fileRef = 08203FA126D83CAE003C630A /* explore.json */; };
		08203FA426D83D13003C630A /* ExploreManager.swift in Sources */ = {isa = PBXBuildFile; fileRef = 08203FA326D83D13003C630A /* ExploreManager.swift */; };
		08203FA626D84CE0003C630A /* ExploreBannerCollectionViewCell.swift in Sources */ = {isa = PBXBuildFile; fileRef = 08203FA526D84CE0003C630A /* ExploreBannerCollectionViewCell.swift */; };
		08203FA826D84CEC003C630A /* ExploreHashtagCollectionViewCell.swift in Sources */ = {isa = PBXBuildFile; fileRef = 08203FA726D84CEC003C630A /* ExploreHashtagCollectionViewCell.swift */; };
		08203FAA26D84D03003C630A /* ExploreUserCollectionViewCell.swift in Sources */ = {isa = PBXBuildFile; fileRef = 08203FA926D84D03003C630A /* ExploreUserCollectionViewCell.swift */; };
		08203FAC26D84D0B003C630A /* ExplorePostCollectionViewCell.swift in Sources */ = {isa = PBXBuildFile; fileRef = 08203FAB26D84D0B003C630A /* ExplorePostCollectionViewCell.swift */; };
		08203FB126D99F1C003C630A /* AuthField.swift in Sources */ = {isa = PBXBuildFile; fileRef = 08203FAF26D99F1C003C630A /* AuthField.swift */; };
		08203FB226D99F1C003C630A /* AuthButton.swift in Sources */ = {isa = PBXBuildFile; fileRef = 08203FB026D99F1C003C630A /* AuthButton.swift */; };
		08203FB426DD6FEC003C630A /* SignUpViewController.swift in Sources */ = {isa = PBXBuildFile; fileRef = 08203FB326DD6FEC003C630A /* SignUpViewController.swift */; };
		08203FB626DDE785003C630A /* RecordButton.swift in Sources */ = {isa = PBXBuildFile; fileRef = 08203FB526DDE785003C630A /* RecordButton.swift */; };
		08203FB826DECAA8003C630A /* CaptionViewController.swift in Sources */ = {isa = PBXBuildFile; fileRef = 08203FB726DECAA8003C630A /* CaptionViewController.swift */; };
		0835A2FD26D32BC10042430B /* CommentViewController.swift in Sources */ = {isa = PBXBuildFile; fileRef = 0835A2FC26D32BC10042430B /* CommentViewController.swift */; };
		0835A2FF26D33C3A0042430B /* PostComment.swift in Sources */ = {isa = PBXBuildFile; fileRef = 0835A2FE26D33C3A0042430B /* PostComment.swift */; };
		0835A30126D33C670042430B /* User.swift in Sources */ = {isa = PBXBuildFile; fileRef = 0835A30026D33C670042430B /* User.swift */; };
		0835A30326D33E500042430B /* CommentTableViewCell.swift in Sources */ = {isa = PBXBuildFile; fileRef = 0835A30226D33E500042430B /* CommentTableViewCell.swift */; };
		0835A30526D34D060042430B /* video.mp4 in Resources */ = {isa = PBXBuildFile; fileRef = 0835A30426D34D060042430B /* video.mp4 */; };
		0861554126CF3AD500F6A90E /* AppDelegate.swift in Sources */ = {isa = PBXBuildFile; fileRef = 0861554026CF3AD500F6A90E /* AppDelegate.swift */; };
		0861554326CF3AD500F6A90E /* SceneDelegate.swift in Sources */ = {isa = PBXBuildFile; fileRef = 0861554226CF3AD500F6A90E /* SceneDelegate.swift */; };
		0861554526CF3AD500F6A90E /* HomeController.swift in Sources */ = {isa = PBXBuildFile; fileRef = 0861554426CF3AD500F6A90E /* HomeController.swift */; };
		0861554A26CF3AD600F6A90E /* Assets.xcassets in Resources */ = {isa = PBXBuildFile; fileRef = 0861554926CF3AD600F6A90E /* Assets.xcassets */; };
		0861554D26CF3AD600F6A90E /* LaunchScreen.storyboard in Resources */ = {isa = PBXBuildFile; fileRef = 0861554B26CF3AD600F6A90E /* LaunchScreen.storyboard */; };
		0887F7DA26CF3F4500215D24 /* ExploreViewController.swift in Sources */ = {isa = PBXBuildFile; fileRef = 0887F7D926CF3F4500215D24 /* ExploreViewController.swift */; };
		0887F7DC26CF3F5400215D24 /* CameraViewController.swift in Sources */ = {isa = PBXBuildFile; fileRef = 0887F7DB26CF3F5400215D24 /* CameraViewController.swift */; };
		0887F7DE26CF3F5F00215D24 /* NotificationsViewController.swift in Sources */ = {isa = PBXBuildFile; fileRef = 0887F7DD26CF3F5F00215D24 /* NotificationsViewController.swift */; };
		0887F7E026CF3F6900215D24 /* ProfileViewController.swift in Sources */ = {isa = PBXBuildFile; fileRef = 0887F7DF26CF3F6900215D24 /* ProfileViewController.swift */; };
		0887F7E226CF3F8500215D24 /* UserListViewController.swift in Sources */ = {isa = PBXBuildFile; fileRef = 0887F7E126CF3F8500215D24 /* UserListViewController.swift */; };
		0887F7E426CF3F9400215D24 /* SignInViewController.swift in Sources */ = {isa = PBXBuildFile; fileRef = 0887F7E326CF3F9400215D24 /* SignInViewController.swift */; };
		0887F7E626CF3F9B00215D24 /* SettingsViewController.swift in Sources */ = {isa = PBXBuildFile; fileRef = 0887F7E526CF3F9B00215D24 /* SettingsViewController.swift */; };
		0887F7EA26CF3FD000215D24 /* TabBarViewController.swift in Sources */ = {isa = PBXBuildFile; fileRef = 0887F7E926CF3FD000215D24 /* TabBarViewController.swift */; };
		0887F7EE26CF401000215D24 /* PostViewController.swift in Sources */ = {isa = PBXBuildFile; fileRef = 0887F7ED26CF401000215D24 /* PostViewController.swift */; };
		0887F7F226CF402D00215D24 /* StorageManager.swift in Sources */ = {isa = PBXBuildFile; fileRef = 0887F7F126CF402D00215D24 /* StorageManager.swift */; };
		0887F7F426CF404500215D24 /* DatabaseManager.swift in Sources */ = {isa = PBXBuildFile; fileRef = 0887F7F326CF404500215D24 /* DatabaseManager.swift */; };
		0887F7F626CF405500215D24 /* AuthenticationManager.swift in Sources */ = {isa = PBXBuildFile; fileRef = 0887F7F526CF405500215D24 /* AuthenticationManager.swift */; };
		0887F7F826CF406400215D24 /* HapticsManager.swift in Sources */ = {isa = PBXBuildFile; fileRef = 0887F7F726CF406400215D24 /* HapticsManager.swift */; };
		0890F42826CF48EB001FF80A /* GoogleService-Info.plist in Resources */ = {isa = PBXBuildFile; fileRef = 0890F42726CF48EB001FF80A /* GoogleService-Info.plist */; };
		08AFE30226D097820081BFA6 /* Extensions.swift in Sources */ = {isa = PBXBuildFile; fileRef = 08AFE30126D097820081BFA6 /* Extensions.swift */; };
		08AFE30426D09D6A0081BFA6 /* PostModel.swift in Sources */ = {isa = PBXBuildFile; fileRef = 08AFE30326D09D6A0081BFA6 /* PostModel.swift */; };
		C0BDBC98E209167AF4DB85C1 /* Pods_TikTokClone.framework in Frameworks */ = {isa = PBXBuildFile; fileRef = 02993DBC573F0A205B80DAA3 /* Pods_TikTokClone.framework */; };
/* End PBXBuildFile section */

/* Begin PBXFileReference section */
		02993DBC573F0A205B80DAA3 /* Pods_TikTokClone.framework */ = {isa = PBXFileReference; explicitFileType = wrapper.framework; includeInIndex = 0; path = Pods_TikTokClone.framework; sourceTree = BUILT_PRODUCTS_DIR; };
		08203F9126D6E68E003C630A /* ExploreSection.swift */ = {isa = PBXFileReference; lastKnownFileType = sourcecode.swift; path = ExploreSection.swift; sourceTree = "<group>"; };
		08203F9326D6E6D1003C630A /* ExploreCell.swift */ = {isa = PBXFileReference; lastKnownFileType = sourcecode.swift; path = ExploreCell.swift; sourceTree = "<group>"; };
		08203F9526D6E6FF003C630A /* ExploreSectionType.swift */ = {isa = PBXFileReference; lastKnownFileType = sourcecode.swift; path = ExploreSectionType.swift; sourceTree = "<group>"; };
		08203F9726D6EB6D003C630A /* ExploreBannerViewModel.swift */ = {isa = PBXFileReference; lastKnownFileType = sourcecode.swift; path = ExploreBannerViewModel.swift; sourceTree = "<group>"; };
		08203F9926D6EB98003C630A /* ExplorePostViewModel.swift */ = {isa = PBXFileReference; lastKnownFileType = sourcecode.swift; path = ExplorePostViewModel.swift; sourceTree = "<group>"; };
		08203F9B26D6EBB9003C630A /* ExploreHashtagViewModel.swift */ = {isa = PBXFileReference; lastKnownFileType = sourcecode.swift; path = ExploreHashtagViewModel.swift; sourceTree = "<group>"; };
		08203F9D26D6EBD9003C630A /* ExploreUserViewModel.swift */ = {isa = PBXFileReference; lastKnownFileType = sourcecode.swift; path = ExploreUserViewModel.swift; sourceTree = "<group>"; };
		08203FA126D83CAE003C630A /* explore.json */ = {isa = PBXFileReference; fileEncoding = 4; lastKnownFileType = text.json; path = explore.json; sourceTree = "<group>"; };
		08203FA326D83D13003C630A /* ExploreManager.swift */ = {isa = PBXFileReference; lastKnownFileType = sourcecode.swift; path = ExploreManager.swift; sourceTree = "<group>"; };
		08203FA526D84CE0003C630A /* ExploreBannerCollectionViewCell.swift */ = {isa = PBXFileReference; lastKnownFileType = sourcecode.swift; path = ExploreBannerCollectionViewCell.swift; sourceTree = "<group>"; };
		08203FA726D84CEC003C630A /* ExploreHashtagCollectionViewCell.swift */ = {isa = PBXFileReference; lastKnownFileType = sourcecode.swift; path = ExploreHashtagCollectionViewCell.swift; sourceTree = "<group>"; };
		08203FA926D84D03003C630A /* ExploreUserCollectionViewCell.swift */ = {isa = PBXFileReference; lastKnownFileType = sourcecode.swift; path = ExploreUserCollectionViewCell.swift; sourceTree = "<group>"; };
		08203FAB26D84D0B003C630A /* ExplorePostCollectionViewCell.swift */ = {isa = PBXFileReference; lastKnownFileType = sourcecode.swift; path = ExplorePostCollectionViewCell.swift; sourceTree = "<group>"; };
		08203FAF26D99F1C003C630A /* AuthField.swift */ = {isa = PBXFileReference; fileEncoding = 4; lastKnownFileType = sourcecode.swift; path = AuthField.swift; sourceTree = "<group>"; };
		08203FB026D99F1C003C630A /* AuthButton.swift */ = {isa = PBXFileReference; fileEncoding = 4; lastKnownFileType = sourcecode.swift; path = AuthButton.swift; sourceTree = "<group>"; };
		08203FB326DD6FEC003C630A /* SignUpViewController.swift */ = {isa = PBXFileReference; fileEncoding = 4; lastKnownFileType = sourcecode.swift; path = SignUpViewController.swift; sourceTree = "<group>"; };
		08203FB526DDE785003C630A /* RecordButton.swift */ = {isa = PBXFileReference; lastKnownFileType = sourcecode.swift; path = RecordButton.swift; sourceTree = "<group>"; };
		08203FB726DECAA8003C630A /* CaptionViewController.swift */ = {isa = PBXFileReference; lastKnownFileType = sourcecode.swift; path = CaptionViewController.swift; sourceTree = "<group>"; };
		0835A2FC26D32BC10042430B /* CommentViewController.swift */ = {isa = PBXFileReference; lastKnownFileType = sourcecode.swift; path = CommentViewController.swift; sourceTree = "<group>"; };
		0835A2FE26D33C3A0042430B /* PostComment.swift */ = {isa = PBXFileReference; lastKnownFileType = sourcecode.swift; path = PostComment.swift; sourceTree = "<group>"; };
		0835A30026D33C670042430B /* User.swift */ = {isa = PBXFileReference; lastKnownFileType = sourcecode.swift; path = User.swift; sourceTree = "<group>"; };
		0835A30226D33E500042430B /* CommentTableViewCell.swift */ = {isa = PBXFileReference; lastKnownFileType = sourcecode.swift; path = CommentTableViewCell.swift; sourceTree = "<group>"; };
		0835A30426D34D060042430B /* video.mp4 */ = {isa = PBXFileReference; lastKnownFileType = file; path = video.mp4; sourceTree = "<group>"; };
		0861553D26CF3AD500F6A90E /* TikTokClone.app */ = {isa = PBXFileReference; explicitFileType = wrapper.application; includeInIndex = 0; path = TikTokClone.app; sourceTree = BUILT_PRODUCTS_DIR; };
		0861554026CF3AD500F6A90E /* AppDelegate.swift */ = {isa = PBXFileReference; lastKnownFileType = sourcecode.swift; path = AppDelegate.swift; sourceTree = "<group>"; };
		0861554226CF3AD500F6A90E /* SceneDelegate.swift */ = {isa = PBXFileReference; lastKnownFileType = sourcecode.swift; path = SceneDelegate.swift; sourceTree = "<group>"; };
		0861554426CF3AD500F6A90E /* HomeController.swift */ = {isa = PBXFileReference; lastKnownFileType = sourcecode.swift; path = HomeController.swift; sourceTree = "<group>"; };
		0861554926CF3AD600F6A90E /* Assets.xcassets */ = {isa = PBXFileReference; lastKnownFileType = folder.assetcatalog; path = Assets.xcassets; sourceTree = "<group>"; };
		0861554C26CF3AD600F6A90E /* Base */ = {isa = PBXFileReference; lastKnownFileType = file.storyboard; name = Base; path = Base.lproj/LaunchScreen.storyboard; sourceTree = "<group>"; };
		0861554E26CF3AD600F6A90E /* Info.plist */ = {isa = PBXFileReference; lastKnownFileType = text.plist.xml; path = Info.plist; sourceTree = "<group>"; };
		0887F7D926CF3F4500215D24 /* ExploreViewController.swift */ = {isa = PBXFileReference; lastKnownFileType = sourcecode.swift; path = ExploreViewController.swift; sourceTree = "<group>"; };
		0887F7DB26CF3F5400215D24 /* CameraViewController.swift */ = {isa = PBXFileReference; lastKnownFileType = sourcecode.swift; path = CameraViewController.swift; sourceTree = "<group>"; };
		0887F7DD26CF3F5F00215D24 /* NotificationsViewController.swift */ = {isa = PBXFileReference; lastKnownFileType = sourcecode.swift; path = NotificationsViewController.swift; sourceTree = "<group>"; };
		0887F7DF26CF3F6900215D24 /* ProfileViewController.swift */ = {isa = PBXFileReference; lastKnownFileType = sourcecode.swift; path = ProfileViewController.swift; sourceTree = "<group>"; };
		0887F7E126CF3F8500215D24 /* UserListViewController.swift */ = {isa = PBXFileReference; lastKnownFileType = sourcecode.swift; path = UserListViewController.swift; sourceTree = "<group>"; };
		0887F7E326CF3F9400215D24 /* SignInViewController.swift */ = {isa = PBXFileReference; lastKnownFileType = sourcecode.swift; path = SignInViewController.swift; sourceTree = "<group>"; };
		0887F7E526CF3F9B00215D24 /* SettingsViewController.swift */ = {isa = PBXFileReference; lastKnownFileType = sourcecode.swift; path = SettingsViewController.swift; sourceTree = "<group>"; };
		0887F7E926CF3FD000215D24 /* TabBarViewController.swift */ = {isa = PBXFileReference; lastKnownFileType = sourcecode.swift; path = TabBarViewController.swift; sourceTree = "<group>"; };
		0887F7ED26CF401000215D24 /* PostViewController.swift */ = {isa = PBXFileReference; lastKnownFileType = sourcecode.swift; path = PostViewController.swift; sourceTree = "<group>"; };
		0887F7F126CF402D00215D24 /* StorageManager.swift */ = {isa = PBXFileReference; lastKnownFileType = sourcecode.swift; path = StorageManager.swift; sourceTree = "<group>"; };
		0887F7F326CF404500215D24 /* DatabaseManager.swift */ = {isa = PBXFileReference; lastKnownFileType = sourcecode.swift; path = DatabaseManager.swift; sourceTree = "<group>"; };
		0887F7F526CF405500215D24 /* AuthenticationManager.swift */ = {isa = PBXFileReference; lastKnownFileType = sourcecode.swift; path = AuthenticationManager.swift; sourceTree = "<group>"; };
		0887F7F726CF406400215D24 /* HapticsManager.swift */ = {isa = PBXFileReference; lastKnownFileType = sourcecode.swift; path = HapticsManager.swift; sourceTree = "<group>"; };
		0890F42726CF48EB001FF80A /* GoogleService-Info.plist */ = {isa = PBXFileReference; fileEncoding = 4; lastKnownFileType = text.plist.xml; path = "GoogleService-Info.plist"; sourceTree = "<group>"; };
		08AFE30126D097820081BFA6 /* Extensions.swift */ = {isa = PBXFileReference; lastKnownFileType = sourcecode.swift; path = Extensions.swift; sourceTree = "<group>"; };
		08AFE30326D09D6A0081BFA6 /* PostModel.swift */ = {isa = PBXFileReference; lastKnownFileType = sourcecode.swift; path = PostModel.swift; sourceTree = "<group>"; };
		5F4B2F30B2F761368AA7D882 /* Pods-TikTokClone.debug.xcconfig */ = {isa = PBXFileReference; includeInIndex = 1; lastKnownFileType = text.xcconfig; name = "Pods-TikTokClone.debug.xcconfig"; path = "Target Support Files/Pods-TikTokClone/Pods-TikTokClone.debug.xcconfig"; sourceTree = "<group>"; };
		E7A502D626EE9D5149F5B51B /* Pods-TikTokClone.release.xcconfig */ = {isa = PBXFileReference; includeInIndex = 1; lastKnownFileType = text.xcconfig; name = "Pods-TikTokClone.release.xcconfig"; path = "Target Support Files/Pods-TikTokClone/Pods-TikTokClone.release.xcconfig"; sourceTree = "<group>"; };
/* End PBXFileReference section */

/* Begin PBXFrameworksBuildPhase section */
		0861553A26CF3AD500F6A90E /* Frameworks */ = {
			isa = PBXFrameworksBuildPhase;
			buildActionMask = 2147483647;
			files = (
				C0BDBC98E209167AF4DB85C1 /* Pods_TikTokClone.framework in Frameworks */,
			);
			runOnlyForDeploymentPostprocessing = 0;
		};
/* End PBXFrameworksBuildPhase section */

/* Begin PBXGroup section */
		08203FAD26D99CB7003C630A /* Authentication */ = {
			isa = PBXGroup;
			children = (
				0887F7E326CF3F9400215D24 /* SignInViewController.swift */,
				08203FB326DD6FEC003C630A /* SignUpViewController.swift */,
			);
			path = Authentication;
			sourceTree = "<group>";
		};
		08203FAE26D99F1C003C630A /* Auth */ = {
			isa = PBXGroup;
			children = (
				08203FAF26D99F1C003C630A /* AuthField.swift */,
				08203FB026D99F1C003C630A /* AuthButton.swift */,
			);
			path = Auth;
			sourceTree = "<group>";
		};
		0861553426CF3AD500F6A90E = {
			isa = PBXGroup;
			children = (
				0861553F26CF3AD500F6A90E /* TikTokClone */,
				0861553E26CF3AD500F6A90E /* Products */,
				B0D98FB0837DC07BC280C9C8 /* Pods */,
				6A659F7BDAD4227886BC8285 /* Frameworks */,
			);
			sourceTree = "<group>";
		};
		0861553E26CF3AD500F6A90E /* Products */ = {
			isa = PBXGroup;
			children = (
				0861553D26CF3AD500F6A90E /* TikTokClone.app */,
			);
			name = Products;
			sourceTree = "<group>";
		};
		0861553F26CF3AD500F6A90E /* TikTokClone */ = {
			isa = PBXGroup;
			children = (
				0861554E26CF3AD600F6A90E /* Info.plist */,
				0887F7D626CF3EC900215D24 /* Managers */,
				0887F7D526CF3EB700215D24 /* ViewModels */,
				0887F7D426CF3E9F00215D24 /* Models */,
				0887F7D326CF3E9A00215D24 /* Views */,
				0887F7D226CF3E8100215D24 /* Resources */,
				0887F7D126CF3E7900215D24 /* Controllers */,
			);
			path = TikTokClone;
			sourceTree = "<group>";
		};
		0887F7D126CF3E7900215D24 /* Controllers */ = {
			isa = PBXGroup;
			children = (
				0887F7D826CF3F3300215D24 /* Other */,
				0887F7D726CF3F1800215D24 /* Core */,
			);
			path = Controllers;
			sourceTree = "<group>";
		};
		0887F7D226CF3E8100215D24 /* Resources */ = {
			isa = PBXGroup;
			children = (
				08203FA126D83CAE003C630A /* explore.json */,
				0890F42726CF48EB001FF80A /* GoogleService-Info.plist */,
				0861554926CF3AD600F6A90E /* Assets.xcassets */,
				0835A30426D34D060042430B /* video.mp4 */,
				0861554026CF3AD500F6A90E /* AppDelegate.swift */,
				0861554226CF3AD500F6A90E /* SceneDelegate.swift */,
				08AFE30126D097820081BFA6 /* Extensions.swift */,
			);
			path = Resources;
			sourceTree = "<group>";
		};
		0887F7D326CF3E9A00215D24 /* Views */ = {
			isa = PBXGroup;
			children = (
				0887F7EC26CF3FF500215D24 /* Other */,
				0887F7EB26CF3FE800215D24 /* Storyboard */,
			);
			path = Views;
			sourceTree = "<group>";
		};
		0887F7D426CF3E9F00215D24 /* Models */ = {
			isa = PBXGroup;
			children = (
				08AFE30326D09D6A0081BFA6 /* PostModel.swift */,
				0835A2FE26D33C3A0042430B /* PostComment.swift */,
				0835A30026D33C670042430B /* User.swift */,
				08203F9126D6E68E003C630A /* ExploreSection.swift */,
				08203F9326D6E6D1003C630A /* ExploreCell.swift */,
				08203F9526D6E6FF003C630A /* ExploreSectionType.swift */,
			);
			path = Models;
			sourceTree = "<group>";
		};
		0887F7D526CF3EB700215D24 /* ViewModels */ = {
			isa = PBXGroup;
			children = (
				08203F9726D6EB6D003C630A /* ExploreBannerViewModel.swift */,
				08203F9926D6EB98003C630A /* ExplorePostViewModel.swift */,
				08203F9B26D6EBB9003C630A /* ExploreHashtagViewModel.swift */,
				08203F9D26D6EBD9003C630A /* ExploreUserViewModel.swift */,
			);
			path = ViewModels;
			sourceTree = "<group>";
		};
		0887F7D626CF3EC900215D24 /* Managers */ = {
			isa = PBXGroup;
			children = (
				0887F7F126CF402D00215D24 /* StorageManager.swift */,
				0887F7F326CF404500215D24 /* DatabaseManager.swift */,
				0887F7F526CF405500215D24 /* AuthenticationManager.swift */,
				0887F7F726CF406400215D24 /* HapticsManager.swift */,
				08203FA326D83D13003C630A /* ExploreManager.swift */,
			);
			path = Managers;
			sourceTree = "<group>";
		};
		0887F7D726CF3F1800215D24 /* Core */ = {
			isa = PBXGroup;
			children = (
				0861554426CF3AD500F6A90E /* HomeController.swift */,
				0887F7D926CF3F4500215D24 /* ExploreViewController.swift */,
				0887F7DB26CF3F5400215D24 /* CameraViewController.swift */,
				0887F7DD26CF3F5F00215D24 /* NotificationsViewController.swift */,
				0887F7DF26CF3F6900215D24 /* ProfileViewController.swift */,
				0887F7E926CF3FD000215D24 /* TabBarViewController.swift */,
			);
			path = Core;
			sourceTree = "<group>";
		};
		0887F7D826CF3F3300215D24 /* Other */ = {
			isa = PBXGroup;
			children = (
				08203FAD26D99CB7003C630A /* Authentication */,
				0887F7E126CF3F8500215D24 /* UserListViewController.swift */,
				0887F7E526CF3F9B00215D24 /* SettingsViewController.swift */,
				0887F7ED26CF401000215D24 /* PostViewController.swift */,
				0835A2FC26D32BC10042430B /* CommentViewController.swift */,
				08203FB726DECAA8003C630A /* CaptionViewController.swift */,
			);
			path = Other;
			sourceTree = "<group>";
		};
		0887F7EB26CF3FE800215D24 /* Storyboard */ = {
			isa = PBXGroup;
			children = (
				0861554B26CF3AD600F6A90E /* LaunchScreen.storyboard */,
			);
			path = Storyboard;
			sourceTree = "<group>";
		};
		0887F7EC26CF3FF500215D24 /* Other */ = {
			isa = PBXGroup;
			children = (
				08203FAE26D99F1C003C630A /* Auth */,
				0835A30226D33E500042430B /* CommentTableViewCell.swift */,
				08203FA526D84CE0003C630A /* ExploreBannerCollectionViewCell.swift */,
				08203FA726D84CEC003C630A /* ExploreHashtagCollectionViewCell.swift */,
				08203FA926D84D03003C630A /* ExploreUserCollectionViewCell.swift */,
				08203FAB26D84D0B003C630A /* ExplorePostCollectionViewCell.swift */,
				08203FB526DDE785003C630A /* RecordButton.swift */,
			);
			path = Other;
			sourceTree = "<group>";
		};
		6A659F7BDAD4227886BC8285 /* Frameworks */ = {
			isa = PBXGroup;
			children = (
				02993DBC573F0A205B80DAA3 /* Pods_TikTokClone.framework */,
			);
			name = Frameworks;
			sourceTree = "<group>";
		};
		B0D98FB0837DC07BC280C9C8 /* Pods */ = {
			isa = PBXGroup;
			children = (
				5F4B2F30B2F761368AA7D882 /* Pods-TikTokClone.debug.xcconfig */,
				E7A502D626EE9D5149F5B51B /* Pods-TikTokClone.release.xcconfig */,
			);
			path = Pods;
			sourceTree = "<group>";
		};
/* End PBXGroup section */

/* Begin PBXNativeTarget section */
		0861553C26CF3AD500F6A90E /* TikTokClone */ = {
			isa = PBXNativeTarget;
			buildConfigurationList = 0861555126CF3AD600F6A90E /* Build configuration list for PBXNativeTarget "TikTokClone" */;
			buildPhases = (
				0FB2382AB47815384148683B /* [CP] Check Pods Manifest.lock */,
				0861553926CF3AD500F6A90E /* Sources */,
				0861553A26CF3AD500F6A90E /* Frameworks */,
				0861553B26CF3AD500F6A90E /* Resources */,
				5B544B7ABE6F425C98B6E9E6 /* [CP] Embed Pods Frameworks */,
				0890F42926CF4B4A001FF80A /* ShellScript */,
			);
			buildRules = (
			);
			dependencies = (
			);
			name = TikTokClone;
			productName = TikTokClone;
			productReference = 0861553D26CF3AD500F6A90E /* TikTokClone.app */;
			productType = "com.apple.product-type.application";
		};
/* End PBXNativeTarget section */

/* Begin PBXProject section */
		0861553526CF3AD500F6A90E /* Project object */ = {
			isa = PBXProject;
			attributes = {
				LastSwiftUpdateCheck = 1250;
				LastUpgradeCheck = 1250;
				TargetAttributes = {
					0861553C26CF3AD500F6A90E = {
						CreatedOnToolsVersion = 12.5;
					};
				};
			};
			buildConfigurationList = 0861553826CF3AD500F6A90E /* Build configuration list for PBXProject "TikTokClone" */;
			compatibilityVersion = "Xcode 9.3";
			developmentRegion = en;
			hasScannedForEncodings = 0;
			knownRegions = (
				en,
				Base,
			);
			mainGroup = 0861553426CF3AD500F6A90E;
			productRefGroup = 0861553E26CF3AD500F6A90E /* Products */;
			projectDirPath = "";
			projectRoot = "";
			targets = (
				0861553C26CF3AD500F6A90E /* TikTokClone */,
			);
		};
/* End PBXProject section */

/* Begin PBXResourcesBuildPhase section */
		0861553B26CF3AD500F6A90E /* Resources */ = {
			isa = PBXResourcesBuildPhase;
			buildActionMask = 2147483647;
			files = (
				08203FA226D83CAE003C630A /* explore.json in Resources */,
				0861554D26CF3AD600F6A90E /* LaunchScreen.storyboard in Resources */,
				0861554A26CF3AD600F6A90E /* Assets.xcassets in Resources */,
				0890F42826CF48EB001FF80A /* GoogleService-Info.plist in Resources */,
				0835A30526D34D060042430B /* video.mp4 in Resources */,
			);
			runOnlyForDeploymentPostprocessing = 0;
		};
/* End PBXResourcesBuildPhase section */

/* Begin PBXShellScriptBuildPhase section */
		0890F42926CF4B4A001FF80A /* ShellScript */ = {
			isa = PBXShellScriptBuildPhase;
			buildActionMask = 2147483647;
			files = (
			);
			inputFileListPaths = (
			);
			inputPaths = (
			);
			outputFileListPaths = (
			);
			outputPaths = (
			);
			runOnlyForDeploymentPostprocessing = 0;
			shellPath = /bin/sh;
			shellScript = "\"${PODS_ROOT}/FirebaseCrashlytics/run\"\n";
		};
		0FB2382AB47815384148683B /* [CP] Check Pods Manifest.lock */ = {
			isa = PBXShellScriptBuildPhase;
			buildActionMask = 2147483647;
			files = (
			);
			inputFileListPaths = (
			);
			inputPaths = (
				"${PODS_PODFILE_DIR_PATH}/Podfile.lock",
				"${PODS_ROOT}/Manifest.lock",
			);
			name = "[CP] Check Pods Manifest.lock";
			outputFileListPaths = (
			);
			outputPaths = (
				"$(DERIVED_FILE_DIR)/Pods-TikTokClone-checkManifestLockResult.txt",
			);
			runOnlyForDeploymentPostprocessing = 0;
			shellPath = /bin/sh;
			shellScript = "diff \"${PODS_PODFILE_DIR_PATH}/Podfile.lock\" \"${PODS_ROOT}/Manifest.lock\" > /dev/null\nif [ $? != 0 ] ; then\n    # print error to STDERR\n    echo \"error: The sandbox is not in sync with the Podfile.lock. Run 'pod install' or update your CocoaPods installation.\" >&2\n    exit 1\nfi\n# This output is used by Xcode 'outputs' to avoid re-running this script phase.\necho \"SUCCESS\" > \"${SCRIPT_OUTPUT_FILE_0}\"\n";
			showEnvVarsInLog = 0;
		};
		5B544B7ABE6F425C98B6E9E6 /* [CP] Embed Pods Frameworks */ = {
			isa = PBXShellScriptBuildPhase;
			buildActionMask = 2147483647;
			files = (
			);
			inputFileListPaths = (
				"${PODS_ROOT}/Target Support Files/Pods-TikTokClone/Pods-TikTokClone-frameworks-${CONFIGURATION}-input-files.xcfilelist",
			);
			name = "[CP] Embed Pods Frameworks";
			outputFileListPaths = (
				"${PODS_ROOT}/Target Support Files/Pods-TikTokClone/Pods-TikTokClone-frameworks-${CONFIGURATION}-output-files.xcfilelist",
			);
			runOnlyForDeploymentPostprocessing = 0;
			shellPath = /bin/sh;
			shellScript = "\"${PODS_ROOT}/Target Support Files/Pods-TikTokClone/Pods-TikTokClone-frameworks.sh\"\n";
			showEnvVarsInLog = 0;
		};
/* End PBXShellScriptBuildPhase section */

/* Begin PBXSourcesBuildPhase section */
		0861553926CF3AD500F6A90E /* Sources */ = {
			isa = PBXSourcesBuildPhase;
			buildActionMask = 2147483647;
			files = (
				08203FB226D99F1C003C630A /* AuthButton.swift in Sources */,
				08203FB126D99F1C003C630A /* AuthField.swift in Sources */,
				0835A2FD26D32BC10042430B /* CommentViewController.swift in Sources */,
				0887F7F826CF406400215D24 /* HapticsManager.swift in Sources */,
				08AFE30226D097820081BFA6 /* Extensions.swift in Sources */,
				08203FA826D84CEC003C630A /* ExploreHashtagCollectionViewCell.swift in Sources */,
				08203F9226D6E68E003C630A /* ExploreSection.swift in Sources */,
				08203FA426D83D13003C630A /* ExploreManager.swift in Sources */,
				0835A30326D33E500042430B /* CommentTableViewCell.swift in Sources */,
				0887F7F426CF404500215D24 /* DatabaseManager.swift in Sources */,
				0887F7DA26CF3F4500215D24 /* ExploreViewController.swift in Sources */,
				08203FAC26D84D0B003C630A /* ExplorePostCollectionViewCell.swift in Sources */,
				08203F9C26D6EBB9003C630A /* ExploreHashtagViewModel.swift in Sources */,
				0887F7E226CF3F8500215D24 /* UserListViewController.swift in Sources */,
				0887F7EE26CF401000215D24 /* PostViewController.swift in Sources */,
				08203F9A26D6EB98003C630A /* ExplorePostViewModel.swift in Sources */,
				08203FB826DECAA8003C630A /* CaptionViewController.swift in Sources */,
				08203F9426D6E6D1003C630A /* ExploreCell.swift in Sources */,
				0887F7DC26CF3F5400215D24 /* CameraViewController.swift in Sources */,
				08203F9826D6EB6D003C630A /* ExploreBannerViewModel.swift in Sources */,
				08203F9E26D6EBD9003C630A /* ExploreUserViewModel.swift in Sources */,
				0887F7EA26CF3FD000215D24 /* TabBarViewController.swift in Sources */,
				0835A30126D33C670042430B /* User.swift in Sources */,
				0887F7E626CF3F9B00215D24 /* SettingsViewController.swift in Sources */,
				08203FAA26D84D03003C630A /* ExploreUserCollectionViewCell.swift in Sources */,
				0861554526CF3AD500F6A90E /* HomeController.swift in Sources */,
				0887F7F626CF405500215D24 /* AuthenticationManager.swift in Sources */,
				08203FB626DDE785003C630A /* RecordButton.swift in Sources */,
				0887F7DE26CF3F5F00215D24 /* NotificationsViewController.swift in Sources */,
				0835A2FF26D33C3A0042430B /* PostComment.swift in Sources */,
				0887F7E026CF3F6900215D24 /* ProfileViewController.swift in Sources */,
				08AFE30426D09D6A0081BFA6 /* PostModel.swift in Sources */,
				0861554126CF3AD500F6A90E /* AppDelegate.swift in Sources */,
				0887F7F226CF402D00215D24 /* StorageManager.swift in Sources */,
				08203FA626D84CE0003C630A /* ExploreBannerCollectionViewCell.swift in Sources */,
				0861554326CF3AD500F6A90E /* SceneDelegate.swift in Sources */,
				0887F7E426CF3F9400215D24 /* SignInViewController.swift in Sources */,
				08203F9626D6E6FF003C630A /* ExploreSectionType.swift in Sources */,
				08203FB426DD6FEC003C630A /* SignUpViewController.swift in Sources */,
			);
			runOnlyForDeploymentPostprocessing = 0;
		};
/* End PBXSourcesBuildPhase section */

/* Begin PBXVariantGroup section */
		0861554B26CF3AD600F6A90E /* LaunchScreen.storyboard */ = {
			isa = PBXVariantGroup;
			children = (
				0861554C26CF3AD600F6A90E /* Base */,
			);
			name = LaunchScreen.storyboard;
			sourceTree = "<group>";
		};
/* End PBXVariantGroup section */

/* Begin XCBuildConfiguration section */
		0861554F26CF3AD600F6A90E /* Debug */ = {
			isa = XCBuildConfiguration;
			buildSettings = {
				ALWAYS_SEARCH_USER_PATHS = NO;
				CLANG_ANALYZER_NONNULL = YES;
				CLANG_ANALYZER_NUMBER_OBJECT_CONVERSION = YES_AGGRESSIVE;
				CLANG_CXX_LANGUAGE_STANDARD = "gnu++14";
				CLANG_CXX_LIBRARY = "libc++";
				CLANG_ENABLE_MODULES = YES;
				CLANG_ENABLE_OBJC_ARC = YES;
				CLANG_ENABLE_OBJC_WEAK = YES;
				CLANG_WARN_BLOCK_CAPTURE_AUTORELEASING = YES;
				CLANG_WARN_BOOL_CONVERSION = YES;
				CLANG_WARN_COMMA = YES;
				CLANG_WARN_CONSTANT_CONVERSION = YES;
				CLANG_WARN_DEPRECATED_OBJC_IMPLEMENTATIONS = YES;
				CLANG_WARN_DIRECT_OBJC_ISA_USAGE = YES_ERROR;
				CLANG_WARN_DOCUMENTATION_COMMENTS = YES;
				CLANG_WARN_EMPTY_BODY = YES;
				CLANG_WARN_ENUM_CONVERSION = YES;
				CLANG_WARN_INFINITE_RECURSION = YES;
				CLANG_WARN_INT_CONVERSION = YES;
				CLANG_WARN_NON_LITERAL_NULL_CONVERSION = YES;
				CLANG_WARN_OBJC_IMPLICIT_RETAIN_SELF = YES;
				CLANG_WARN_OBJC_LITERAL_CONVERSION = YES;
				CLANG_WARN_OBJC_ROOT_CLASS = YES_ERROR;
				CLANG_WARN_QUOTED_INCLUDE_IN_FRAMEWORK_HEADER = YES;
				CLANG_WARN_RANGE_LOOP_ANALYSIS = YES;
				CLANG_WARN_STRICT_PROTOTYPES = YES;
				CLANG_WARN_SUSPICIOUS_MOVE = YES;
				CLANG_WARN_UNGUARDED_AVAILABILITY = YES_AGGRESSIVE;
				CLANG_WARN_UNREACHABLE_CODE = YES;
				CLANG_WARN__DUPLICATE_METHOD_MATCH = YES;
				COPY_PHASE_STRIP = NO;
				DEBUG_INFORMATION_FORMAT = dwarf;
				ENABLE_STRICT_OBJC_MSGSEND = YES;
				ENABLE_TESTABILITY = YES;
				GCC_C_LANGUAGE_STANDARD = gnu11;
				GCC_DYNAMIC_NO_PIC = NO;
				GCC_NO_COMMON_BLOCKS = YES;
				GCC_OPTIMIZATION_LEVEL = 0;
				GCC_PREPROCESSOR_DEFINITIONS = (
					"DEBUG=1",
					"$(inherited)",
				);
				GCC_WARN_64_TO_32_BIT_CONVERSION = YES;
				GCC_WARN_ABOUT_RETURN_TYPE = YES_ERROR;
				GCC_WARN_UNDECLARED_SELECTOR = YES;
				GCC_WARN_UNINITIALIZED_AUTOS = YES_AGGRESSIVE;
				GCC_WARN_UNUSED_FUNCTION = YES;
				GCC_WARN_UNUSED_VARIABLE = YES;
				IPHONEOS_DEPLOYMENT_TARGET = 14.5;
				MTL_ENABLE_DEBUG_INFO = INCLUDE_SOURCE;
				MTL_FAST_MATH = YES;
				ONLY_ACTIVE_ARCH = YES;
				SDKROOT = iphoneos;
				SWIFT_ACTIVE_COMPILATION_CONDITIONS = DEBUG;
				SWIFT_OPTIMIZATION_LEVEL = "-Onone";
			};
			name = Debug;
		};
		0861555026CF3AD600F6A90E /* Release */ = {
			isa = XCBuildConfiguration;
			buildSettings = {
				ALWAYS_SEARCH_USER_PATHS = NO;
				CLANG_ANALYZER_NONNULL = YES;
				CLANG_ANALYZER_NUMBER_OBJECT_CONVERSION = YES_AGGRESSIVE;
				CLANG_CXX_LANGUAGE_STANDARD = "gnu++14";
				CLANG_CXX_LIBRARY = "libc++";
				CLANG_ENABLE_MODULES = YES;
				CLANG_ENABLE_OBJC_ARC = YES;
				CLANG_ENABLE_OBJC_WEAK = YES;
				CLANG_WARN_BLOCK_CAPTURE_AUTORELEASING = YES;
				CLANG_WARN_BOOL_CONVERSION = YES;
				CLANG_WARN_COMMA = YES;
				CLANG_WARN_CONSTANT_CONVERSION = YES;
				CLANG_WARN_DEPRECATED_OBJC_IMPLEMENTATIONS = YES;
				CLANG_WARN_DIRECT_OBJC_ISA_USAGE = YES_ERROR;
				CLANG_WARN_DOCUMENTATION_COMMENTS = YES;
				CLANG_WARN_EMPTY_BODY = YES;
				CLANG_WARN_ENUM_CONVERSION = YES;
				CLANG_WARN_INFINITE_RECURSION = YES;
				CLANG_WARN_INT_CONVERSION = YES;
				CLANG_WARN_NON_LITERAL_NULL_CONVERSION = YES;
				CLANG_WARN_OBJC_IMPLICIT_RETAIN_SELF = YES;
				CLANG_WARN_OBJC_LITERAL_CONVERSION = YES;
				CLANG_WARN_OBJC_ROOT_CLASS = YES_ERROR;
				CLANG_WARN_QUOTED_INCLUDE_IN_FRAMEWORK_HEADER = YES;
				CLANG_WARN_RANGE_LOOP_ANALYSIS = YES;
				CLANG_WARN_STRICT_PROTOTYPES = YES;
				CLANG_WARN_SUSPICIOUS_MOVE = YES;
				CLANG_WARN_UNGUARDED_AVAILABILITY = YES_AGGRESSIVE;
				CLANG_WARN_UNREACHABLE_CODE = YES;
				CLANG_WARN__DUPLICATE_METHOD_MATCH = YES;
				COPY_PHASE_STRIP = NO;
				DEBUG_INFORMATION_FORMAT = "dwarf-with-dsym";
				ENABLE_NS_ASSERTIONS = NO;
				ENABLE_STRICT_OBJC_MSGSEND = YES;
				GCC_C_LANGUAGE_STANDARD = gnu11;
				GCC_NO_COMMON_BLOCKS = YES;
				GCC_WARN_64_TO_32_BIT_CONVERSION = YES;
				GCC_WARN_ABOUT_RETURN_TYPE = YES_ERROR;
				GCC_WARN_UNDECLARED_SELECTOR = YES;
				GCC_WARN_UNINITIALIZED_AUTOS = YES_AGGRESSIVE;
				GCC_WARN_UNUSED_FUNCTION = YES;
				GCC_WARN_UNUSED_VARIABLE = YES;
				IPHONEOS_DEPLOYMENT_TARGET = 14.5;
				MTL_ENABLE_DEBUG_INFO = NO;
				MTL_FAST_MATH = YES;
				SDKROOT = iphoneos;
				SWIFT_COMPILATION_MODE = wholemodule;
				SWIFT_OPTIMIZATION_LEVEL = "-O";
				VALIDATE_PRODUCT = YES;
			};
			name = Release;
		};
		0861555226CF3AD600F6A90E /* Debug */ = {
			isa = XCBuildConfiguration;
			baseConfigurationReference = 5F4B2F30B2F761368AA7D882 /* Pods-TikTokClone.debug.xcconfig */;
			buildSettings = {
				ASSETCATALOG_COMPILER_APPICON_NAME = AppIcon;
				ASSETCATALOG_COMPILER_GLOBAL_ACCENT_COLOR_NAME = AccentColor;
				CODE_SIGN_STYLE = Automatic;
				DEVELOPMENT_TEAM = S8F5YNFL7X;
				INFOPLIST_FILE = TikTokClone/Info.plist;
				LD_RUNPATH_SEARCH_PATHS = (
					"$(inherited)",
					"@executable_path/Frameworks",
				);
				PRODUCT_BUNDLE_IDENTIFIER = com.wlawsonkelly.TikTokClone;
				PRODUCT_NAME = "$(TARGET_NAME)";
				SWIFT_VERSION = 5.0;
				TARGETED_DEVICE_FAMILY = 1;
			};
			name = Debug;
		};
		0861555326CF3AD600F6A90E /* Release */ = {
			isa = XCBuildConfiguration;
			baseConfigurationReference = E7A502D626EE9D5149F5B51B /* Pods-TikTokClone.release.xcconfig */;
			buildSettings = {
				ASSETCATALOG_COMPILER_APPICON_NAME = AppIcon;
				ASSETCATALOG_COMPILER_GLOBAL_ACCENT_COLOR_NAME = AccentColor;
				CODE_SIGN_STYLE = Automatic;
				DEVELOPMENT_TEAM = S8F5YNFL7X;
				INFOPLIST_FILE = TikTokClone/Info.plist;
				LD_RUNPATH_SEARCH_PATHS = (
					"$(inherited)",
					"@executable_path/Frameworks",
				);
				PRODUCT_BUNDLE_IDENTIFIER = com.wlawsonkelly.TikTokClone;
				PRODUCT_NAME = "$(TARGET_NAME)";
				SWIFT_VERSION = 5.0;
				TARGETED_DEVICE_FAMILY = 1;
			};
			name = Release;
		};
/* End XCBuildConfiguration section */

/* Begin XCConfigurationList section */
		0861553826CF3AD500F6A90E /* Build configuration list for PBXProject "TikTokClone" */ = {
			isa = XCConfigurationList;
			buildConfigurations = (
				0861554F26CF3AD600F6A90E /* Debug */,
				0861555026CF3AD600F6A90E /* Release */,
			);
			defaultConfigurationIsVisible = 0;
			defaultConfigurationName = Release;
		};
		0861555126CF3AD600F6A90E /* Build configuration list for PBXNativeTarget "TikTokClone" */ = {
			isa = XCConfigurationList;
			buildConfigurations = (
				0861555226CF3AD600F6A90E /* Debug */,
				0861555326CF3AD600F6A90E /* Release */,
			);
			defaultConfigurationIsVisible = 0;
			defaultConfigurationName = Release;
		};
/* End XCConfigurationList section */
	};
	rootObject = 0861553526CF3AD500F6A90E /* Project object */;
}
